
Microsoft Visual Studio Solution File, Format Version 12.00
# Visual Studio Version 17
VisualStudioVersion = 17.14.36121.58 d17.14
MinimumVisualStudioVersion = 10.0.40219.1
Project("{FAE04EC0-301F-11D3-BF4B-00C04F79EFBC}") = "DeviceManagementAPI", "DeviceManagementAPI.csproj", "{537EC6D4-F2D2-479E-B391-B4BC2483CC9D}"
EndProject
Global
	GlobalSection(SolutionConfigurationPlatforms) = preSolution
		Debug|Any CPU = Debug|Any CPU
		Release|Any CPU = Release|Any CPU
	EndGlobalSection
	GlobalSection(ProjectConfigurationPlatforms) = postSolution
		{537EC6D4-F2D2-479E-B391-B4BC2483CC9D}.Debug|Any CPU.ActiveCfg = Debug|Any CPU
		{537EC6D4-F2D2-479E-B391-B4BC2483CC9D}.Debug|Any CPU.Build.0 = Debug|Any CPU
		{537EC6D4-F2D2-479E-B391-B4BC2483CC9D}.Release|Any CPU.ActiveCfg = Release|Any CPU
		{537EC6D4-F2D2-479E-B391-B4BC2483CC9D}.Release|Any CPU.Build.0 = Release|Any CPU
	EndGlobalSection
	GlobalSection(SolutionProperties) = preSolution
		HideSolutionNode = FALSE
	EndGlobalSection
	GlobalSection(ExtensibilityGlobals) = postSolution
		SolutionGuid = {B6A2E425-D729-4410-895C-B4509B8D4059}
	EndGlobalSection
EndGlobal
